
Microsoft Visual Studio Solution File, Format Version 12.00
# Visual Studio 15
VisualStudioVersion = 15.0.26730.12
MinimumVisualStudioVersion = 10.0.40219.1
Project("{2150E333-8FDC-42A3-9474-1A3956D46DE8}") = "Solution Items", "Solution Items", "{7B73ECD7-33C2-4F61-9C9A-F7952ABC62C7}"
	ProjectSection(SolutionItems) = preProject
		.editorconfig = .editorconfig
		.gitignore = .gitignore
		AUTHORS = AUTHORS
		CHANGES = CHANGES
		LICENSE = LICENSE
		README.md = README.md
	EndProjectSection
EndProject
Project("{FAE04EC0-301F-11D3-BF4B-00C04F79EFBC}") = "Tests", "Tests\Tests.csproj", "{F2E56290-039B-49B0-A929-A37D6FFA72C4}"
EndProject
Project("{9A19103F-16F7-4668-BE54-9A1E7A4F7556}") = "ComunicazioneFattureEmesseRicevute", "ComunicazioneFattureEmesseRicevute\ComunicazioneFattureEmesseRicevute.csproj", "{0CC05AB4-7973-4643-A3FC-61E1584586C6}"
EndProject
Project("{9A19103F-16F7-4668-BE54-9A1E7A4F7556}") = "FatturaElettronica.Core", "..\FatturaElettronica.Core\FatturaElettronica.Core.csproj", "{CA13B2D9-CE94-4D8B-BCE2-DDCF0F99BDA4}"
EndProject
Project("{F184B08F-C81C-45F6-A57F-5ABD9991F28F}") = "WindowsApp1", "WindowsApp1\WindowsApp1.vbproj", "{B7C32AD3-5F06-42C5-A33E-96A2A1089236}"
EndProject
Project("{FAE04EC0-301F-11D3-BF4B-00C04F79EFBC}") = "ConsoleApp1", "ConsoleApp1\ConsoleApp1.csproj", "{79E6C7B6-208C-41CF-90A3-5126310D5822}"
EndProject
Global
	GlobalSection(SolutionConfigurationPlatforms) = preSolution
		Debug|Any CPU = Debug|Any CPU
		Release|Any CPU = Release|Any CPU
	EndGlobalSection
	GlobalSection(ProjectConfigurationPlatforms) = postSolution
		{F2E56290-039B-49B0-A929-A37D6FFA72C4}.Debug|Any CPU.ActiveCfg = Debug|Any CPU
		{F2E56290-039B-49B0-A929-A37D6FFA72C4}.Debug|Any CPU.Build.0 = Debug|Any CPU
		{F2E56290-039B-49B0-A929-A37D6FFA72C4}.Release|Any CPU.ActiveCfg = Release|Any CPU
		{F2E56290-039B-49B0-A929-A37D6FFA72C4}.Release|Any CPU.Build.0 = Release|Any CPU
		{0CC05AB4-7973-4643-A3FC-61E1584586C6}.Debug|Any CPU.ActiveCfg = Debug|Any CPU
		{0CC05AB4-7973-4643-A3FC-61E1584586C6}.Debug|Any CPU.Build.0 = Debug|Any CPU
		{0CC05AB4-7973-4643-A3FC-61E1584586C6}.Release|Any CPU.ActiveCfg = Release|Any CPU
		{0CC05AB4-7973-4643-A3FC-61E1584586C6}.Release|Any CPU.Build.0 = Release|Any CPU
		{CA13B2D9-CE94-4D8B-BCE2-DDCF0F99BDA4}.Debug|Any CPU.ActiveCfg = Debug|Any CPU
		{CA13B2D9-CE94-4D8B-BCE2-DDCF0F99BDA4}.Debug|Any CPU.Build.0 = Debug|Any CPU
		{CA13B2D9-CE94-4D8B-BCE2-DDCF0F99BDA4}.Release|Any CPU.ActiveCfg = Release|Any CPU
		{CA13B2D9-CE94-4D8B-BCE2-DDCF0F99BDA4}.Release|Any CPU.Build.0 = Release|Any CPU
		{B7C32AD3-5F06-42C5-A33E-96A2A1089236}.Debug|Any CPU.ActiveCfg = Debug|Any CPU
		{B7C32AD3-5F06-42C5-A33E-96A2A1089236}.Debug|Any CPU.Build.0 = Debug|Any CPU
		{B7C32AD3-5F06-42C5-A33E-96A2A1089236}.Release|Any CPU.ActiveCfg = Release|Any CPU
		{B7C32AD3-5F06-42C5-A33E-96A2A1089236}.Release|Any CPU.Build.0 = Release|Any CPU
		{79E6C7B6-208C-41CF-90A3-5126310D5822}.Debug|Any CPU.ActiveCfg = Debug|Any CPU
		{79E6C7B6-208C-41CF-90A3-5126310D5822}.Debug|Any CPU.Build.0 = Debug|Any CPU
		{79E6C7B6-208C-41CF-90A3-5126310D5822}.Release|Any CPU.ActiveCfg = Release|Any CPU
		{79E6C7B6-208C-41CF-90A3-5126310D5822}.Release|Any CPU.Build.0 = Release|Any CPU
	EndGlobalSection
	GlobalSection(SolutionProperties) = preSolution
		HideSolutionNode = FALSE
	EndGlobalSection
	GlobalSection(ExtensibilityGlobals) = postSolution
		SolutionGuid = {F4C4A9CC-43ED-455F-B519-64D935E3A360}
	EndGlobalSection
EndGlobal
