
Microsoft Visual Studio Solution File, Format Version 12.00
# Visual Studio 15
VisualStudioVersion = 15.0.26730.10
MinimumVisualStudioVersion = 10.0.40219.1
Project("{2150E333-8FDC-42A3-9474-1A3956D46DE8}") = "Solution Items", "Solution Items", "{7B73ECD7-33C2-4F61-9C9A-F7952ABC62C7}"
	ProjectSection(SolutionItems) = preProject
		.editorconfig = .editorconfig
		.gitignore = .gitignore
		AUTHORS = AUTHORS
		CHANGES = CHANGES
		LICENSE = LICENSE
		README.md = README.md
	EndProjectSection
EndProject
Project("{FAE04EC0-301F-11D3-BF4B-00C04F79EFBC}") = "Tests", "Tests\Tests.csproj", "{F2E56290-039B-49B0-A929-A37D6FFA72C4}"
EndProject
Project("{9A19103F-16F7-4668-BE54-9A1E7A4F7556}") = "ComunicazioneFattureCorrispettivi", "ComunicazioneFattureCorrispettivi\ComunicazioneFattureCorrispettivi.csproj", "{8D0466E2-BE6D-47FA-AB7D-7B03708AAF0F}"
EndProject
Global
	GlobalSection(SolutionConfigurationPlatforms) = preSolution
		Debug|Any CPU = Debug|Any CPU
		Release|Any CPU = Release|Any CPU
	EndGlobalSection
	GlobalSection(ProjectConfigurationPlatforms) = postSolution
		{F2E56290-039B-49B0-A929-A37D6FFA72C4}.Debug|Any CPU.ActiveCfg = Debug|Any CPU
		{F2E56290-039B-49B0-A929-A37D6FFA72C4}.Debug|Any CPU.Build.0 = Debug|Any CPU
		{F2E56290-039B-49B0-A929-A37D6FFA72C4}.Release|Any CPU.ActiveCfg = Release|Any CPU
		{F2E56290-039B-49B0-A929-A37D6FFA72C4}.Release|Any CPU.Build.0 = Release|Any CPU
		{8D0466E2-BE6D-47FA-AB7D-7B03708AAF0F}.Debug|Any CPU.ActiveCfg = Debug|Any CPU
		{8D0466E2-BE6D-47FA-AB7D-7B03708AAF0F}.Debug|Any CPU.Build.0 = Debug|Any CPU
		{8D0466E2-BE6D-47FA-AB7D-7B03708AAF0F}.Release|Any CPU.ActiveCfg = Release|Any CPU
		{8D0466E2-BE6D-47FA-AB7D-7B03708AAF0F}.Release|Any CPU.Build.0 = Release|Any CPU
	EndGlobalSection
	GlobalSection(SolutionProperties) = preSolution
		HideSolutionNode = FALSE
	EndGlobalSection
	GlobalSection(ExtensibilityGlobals) = postSolution
		SolutionGuid = {F4C4A9CC-43ED-455F-B519-64D935E3A360}
	EndGlobalSection
EndGlobal
